
Microsoft Visual Studio Solution File, Format Version 12.00
# Visual Studio 15
VisualStudioVersion = 15.0.28307.329
MinimumVisualStudioVersion = 10.0.40219.1
Project("{FAE04EC0-301F-11D3-BF4B-00C04F79EFBC}") = "URLEncoder", "URLEncoder\URLEncoder.csproj", "{BCD5F682-98F5-498F-8990-6AC1B531A8E3}"
EndProject
Global
	GlobalSection(SolutionConfigurationPlatforms) = preSolution
		Debug|Any CPU = Debug|Any CPU
		Release|Any CPU = Release|Any CPU
	EndGlobalSection
	GlobalSection(ProjectConfigurationPlatforms) = postSolution
		{BCD5F682-98F5-498F-8990-6AC1B531A8E3}.Debug|Any CPU.ActiveCfg = Debug|Any CPU
		{BCD5F682-98F5-498F-8990-6AC1B531A8E3}.Debug|Any CPU.Build.0 = Debug|Any CPU
		{BCD5F682-98F5-498F-8990-6AC1B531A8E3}.Release|Any CPU.ActiveCfg = Release|Any CPU
		{BCD5F682-98F5-498F-8990-6AC1B531A8E3}.Release|Any CPU.Build.0 = Release|Any CPU
	EndGlobalSection
	GlobalSection(SolutionProperties) = preSolution
		HideSolutionNode = FALSE
	EndGlobalSection
	GlobalSection(ExtensibilityGlobals) = postSolution
		SolutionGuid = {EEA62F33-3ECA-417B-89B9-FEE23FD50D14}
	EndGlobalSection
EndGlobal
